
Microsoft Visual Studio Solution File, Format Version 12.00
# Visual Studio 15
VisualStudioVersion = 15.0.28010.2003
MinimumVisualStudioVersion = 10.0.40219.1
Project("{9A19103F-16F7-4668-BE54-9A1E7A4F7556}") = "CurrencyExchange.Predictor", "CurrencyExchange.Predictor\CurrencyExchange.Predictor.csproj", "{7797933E-6F55-4265-99A8-9E038BAE6FB6}"
EndProject
Project("{FAE04EC0-301F-11D3-BF4B-00C04F79EFBC}") = "CurrencyExchange.Core", "CurrencyExchange.Core\CurrencyExchange.Core.csproj", "{366E928F-5429-4215-8EE5-FD4CFB30A246}"
EndProject
Global
	GlobalSection(SolutionConfigurationPlatforms) = preSolution
		Debug|Any CPU = Debug|Any CPU
		Release|Any CPU = Release|Any CPU
	EndGlobalSection
	GlobalSection(ProjectConfigurationPlatforms) = postSolution
		{7797933E-6F55-4265-99A8-9E038BAE6FB6}.Debug|Any CPU.ActiveCfg = Debug|Any CPU
		{7797933E-6F55-4265-99A8-9E038BAE6FB6}.Debug|Any CPU.Build.0 = Debug|Any CPU
		{7797933E-6F55-4265-99A8-9E038BAE6FB6}.Release|Any CPU.ActiveCfg = Release|Any CPU
		{7797933E-6F55-4265-99A8-9E038BAE6FB6}.Release|Any CPU.Build.0 = Release|Any CPU
		{366E928F-5429-4215-8EE5-FD4CFB30A246}.Debug|Any CPU.ActiveCfg = Debug|Any CPU
		{366E928F-5429-4215-8EE5-FD4CFB30A246}.Debug|Any CPU.Build.0 = Debug|Any CPU
		{366E928F-5429-4215-8EE5-FD4CFB30A246}.Release|Any CPU.ActiveCfg = Release|Any CPU
		{366E928F-5429-4215-8EE5-FD4CFB30A246}.Release|Any CPU.Build.0 = Release|Any CPU
	EndGlobalSection
	GlobalSection(SolutionProperties) = preSolution
		HideSolutionNode = FALSE
	EndGlobalSection
	GlobalSection(ExtensibilityGlobals) = postSolution
		SolutionGuid = {220E21D9-B6BB-4721-88A9-FED5B659F44A}
	EndGlobalSection
EndGlobal
